// !$*UTF8*$!
{
	archiveVersion = 1;
	classes = {
	};
	objectVersion = 46;
	objects = {

/* Begin PBXBuildFile section */
		1801083B1F51B01D006380DB /* Moya+Extensions.swift in Sources */ = {isa = PBXBuildFile; fileRef = 1801083A1F51B01D006380DB /* Moya+Extensions.swift */; };
		1801083D1F53521C006380DB /* ObjectMapper+Extensions.swift in Sources */ = {isa = PBXBuildFile; fileRef = 1801083C1F53521C006380DB /* ObjectMapper+Extensions.swift */; };
		180108411F53651D006380DB /* EventsUI.swift in Sources */ = {isa = PBXBuildFile; fileRef = 180108401F53651D006380DB /* EventsUI.swift */; };
		1805F58D1F57A17600B0FA8B /* UserNetworkAdapter.swift in Sources */ = {isa = PBXBuildFile; fileRef = 1805F58C1F57A17600B0FA8B /* UserNetworkAdapter.swift */; };
		180631BE1F53B5DE000F59B6 /* EventUserView.swift in Sources */ = {isa = PBXBuildFile; fileRef = 180631BC1F53B5DE000F59B6 /* EventUserView.swift */; };
		180631BF1F53B5DE000F59B6 /* EventUserView.xib in Resources */ = {isa = PBXBuildFile; fileRef = 180631BD1F53B5DE000F59B6 /* EventUserView.xib */; };
		180631C11F53B91D000F59B6 /* UIView+Extensions.swift in Sources */ = {isa = PBXBuildFile; fileRef = 180631C01F53B91D000F59B6 /* UIView+Extensions.swift */; };
		180631C41F53C671000F59B6 /* EventNavigationBar.swift in Sources */ = {isa = PBXBuildFile; fileRef = 180631C21F53C671000F59B6 /* EventNavigationBar.swift */; };
		180631C51F53C671000F59B6 /* EventNavigationBar.xib in Resources */ = {isa = PBXBuildFile; fileRef = 180631C31F53C671000F59B6 /* EventNavigationBar.xib */; };
		1813C5D71F4F571E008ACBE5 /* Event.swift in Sources */ = {isa = PBXBuildFile; fileRef = 1813C5D61F4F571E008ACBE5 /* Event.swift */; };
		1813C5DB1F4F5C46008ACBE5 /* User.swift in Sources */ = {isa = PBXBuildFile; fileRef = 1813C5DA1F4F5C46008ACBE5 /* User.swift */; };
		1813C5DE1F4F9FEC008ACBE5 /* EventsAPI.swift in Sources */ = {isa = PBXBuildFile; fileRef = 1813C5DC1F4F9FEC008ACBE5 /* EventsAPI.swift */; };
		1813C5E11F4FC263008ACBE5 /* EventNetworkAdapter.swift in Sources */ = {isa = PBXBuildFile; fileRef = 1813C5E01F4FC263008ACBE5 /* EventNetworkAdapter.swift */; };
		1813C5E51F4FE076008ACBE5 /* EventsTableViewController.swift in Sources */ = {isa = PBXBuildFile; fileRef = 1813C5E41F4FE076008ACBE5 /* EventsTableViewController.swift */; };
		1813C5E91F4FE09D008ACBE5 /* EventCell.swift in Sources */ = {isa = PBXBuildFile; fileRef = 1813C5E71F4FE09D008ACBE5 /* EventCell.swift */; };
		1813C5EA1F4FE09D008ACBE5 /* EventCell.xib in Resources */ = {isa = PBXBuildFile; fileRef = 1813C5E81F4FE09D008ACBE5 /* EventCell.xib */; };
		181900861F57B4340073AA63 /* ImageCell.swift in Sources */ = {isa = PBXBuildFile; fileRef = 181900831F57B4340073AA63 /* ImageCell.swift */; };
		181900871F57B4340073AA63 /* ImagePickerController.swift in Sources */ = {isa = PBXBuildFile; fileRef = 181900841F57B4340073AA63 /* ImagePickerController.swift */; };
		181900881F57B4340073AA63 /* ImageRow.swift in Sources */ = {isa = PBXBuildFile; fileRef = 181900851F57B4340073AA63 /* ImageRow.swift */; };
		1835DB201F5F891E002E0DEC /* LSViewController.swift in Sources */ = {isa = PBXBuildFile; fileRef = 1835DB1F1F5F891E002E0DEC /* LSViewController.swift */; };
		188BF93B1F5A01FF0043ABC6 /* UserCell.xib in Resources */ = {isa = PBXBuildFile; fileRef = 188BF93A1F5A01FF0043ABC6 /* UserCell.xib */; };
		188BF93D1F5A02DC0043ABC6 /* UserCell.swift in Sources */ = {isa = PBXBuildFile; fileRef = 188BF93C1F5A02DC0043ABC6 /* UserCell.swift */; };
		18A2306D1F4C72780025DA84 /* AppDelegate.swift in Sources */ = {isa = PBXBuildFile; fileRef = 18A2306C1F4C72780025DA84 /* AppDelegate.swift */; };
		18A230741F4C72780025DA84 /* Main.storyboard in Resources */ = {isa = PBXBuildFile; fileRef = 18A230721F4C72780025DA84 /* Main.storyboard */; };
		18A230761F4C72780025DA84 /* Assets.xcassets in Resources */ = {isa = PBXBuildFile; fileRef = 18A230751F4C72780025DA84 /* Assets.xcassets */; };
		18A230791F4C72780025DA84 /* LaunchScreen.storyboard in Resources */ = {isa = PBXBuildFile; fileRef = 18A230771F4C72780025DA84 /* LaunchScreen.storyboard */; };
		18A230841F4C72780025DA84 /* EventsTests.swift in Sources */ = {isa = PBXBuildFile; fileRef = 18A230831F4C72780025DA84 /* EventsTests.swift */; };
		18A2308F1F4C72780025DA84 /* EventsUITests.swift in Sources */ = {isa = PBXBuildFile; fileRef = 18A2308E1F4C72780025DA84 /* EventsUITests.swift */; };
		18A230AD1F4C73DF0025DA84 /* Localizable.strings in Resources */ = {isa = PBXBuildFile; fileRef = 18A230AB1F4C73DF0025DA84 /* Localizable.strings */; };
		18A230B31F4C746A0025DA84 /* Enums+Extensions.swift in Sources */ = {isa = PBXBuildFile; fileRef = 18A230B11F4C746A0025DA84 /* Enums+Extensions.swift */; };
		18A230B41F4C746A0025DA84 /* UIColor+Extensions.swift in Sources */ = {isa = PBXBuildFile; fileRef = 18A230B21F4C746A0025DA84 /* UIColor+Extensions.swift */; };
		18A77AA11F5377B200AEE365 /* EventViewController.swift in Sources */ = {isa = PBXBuildFile; fileRef = 18A77AA01F5377B200AEE365 /* EventViewController.swift */; };
		18A77AA61F537EEC00AEE365 /* ImageSlideShow.swift in Sources */ = {isa = PBXBuildFile; fileRef = 18A77AA51F537EEC00AEE365 /* ImageSlideShow.swift */; };
		18A8505B1F56614E00D21A08 /* MapCell.swift in Sources */ = {isa = PBXBuildFile; fileRef = 18A850591F56614E00D21A08 /* MapCell.swift */; };
		18A8505C1F56614E00D21A08 /* MapCell.xib in Resources */ = {isa = PBXBuildFile; fileRef = 18A8505A1F56614E00D21A08 /* MapCell.xib */; };
		18A8505E1F566D0800D21A08 /* Keys.plist in Resources */ = {isa = PBXBuildFile; fileRef = 18A8505D1F566D0800D21A08 /* Keys.plist */; };
		18CE76FA1F5391E500C79E54 /* ImageSlideShow.xib in Resources */ = {isa = PBXBuildFile; fileRef = 18CE76F91F5391E500C79E54 /* ImageSlideShow.xib */; };
		18CE76FC1F53A8A900C79E54 /* Image.swift in Sources */ = {isa = PBXBuildFile; fileRef = 18CE76FB1F53A8A900C79E54 /* Image.swift */; };
		18D058AD1F5E485300A15F13 /* SettingsViewController.swift in Sources */ = {isa = PBXBuildFile; fileRef = 18D058AC1F5E485300A15F13 /* SettingsViewController.swift */; };
		D2C4394DEFFC47BB1FF2862E /* Pods_Events.framework in Frameworks */ = {isa = PBXBuildFile; fileRef = A23FBDAC5A1F745C618814F1 /* Pods_Events.framework */; };
/* End PBXBuildFile section */

/* Begin PBXContainerItemProxy section */
		18A230801F4C72780025DA84 /* PBXContainerItemProxy */ = {
			isa = PBXContainerItemProxy;
			containerPortal = 18A230611F4C72780025DA84 /* Project object */;
			proxyType = 1;
			remoteGlobalIDString = 18A230681F4C72780025DA84;
			remoteInfo = Events;
		};
		18A2308B1F4C72780025DA84 /* PBXContainerItemProxy */ = {
			isa = PBXContainerItemProxy;
			containerPortal = 18A230611F4C72780025DA84 /* Project object */;
			proxyType = 1;
			remoteGlobalIDString = 18A230681F4C72780025DA84;
			remoteInfo = Events;
		};
/* End PBXContainerItemProxy section */

/* Begin PBXFileReference section */
		1801083A1F51B01D006380DB /* Moya+Extensions.swift */ = {isa = PBXFileReference; fileEncoding = 4; lastKnownFileType = sourcecode.swift; name = "Moya+Extensions.swift"; path = "Extensions/Moya+Extensions.swift"; sourceTree = "<group>"; };
		1801083C1F53521C006380DB /* ObjectMapper+Extensions.swift */ = {isa = PBXFileReference; fileEncoding = 4; lastKnownFileType = sourcecode.swift; name = "ObjectMapper+Extensions.swift"; path = "Extensions/ObjectMapper+Extensions.swift"; sourceTree = "<group>"; };
		180108401F53651D006380DB /* EventsUI.swift */ = {isa = PBXFileReference; fileEncoding = 4; lastKnownFileType = sourcecode.swift; name = EventsUI.swift; path = UI/EventsUI.swift; sourceTree = "<group>"; };
		1805F58C1F57A17600B0FA8B /* UserNetworkAdapter.swift */ = {isa = PBXFileReference; fileEncoding = 4; lastKnownFileType = sourcecode.swift; name = UserNetworkAdapter.swift; path = API/UserNetworkAdapter.swift; sourceTree = "<group>"; };
		180631BC1F53B5DE000F59B6 /* EventUserView.swift */ = {isa = PBXFileReference; fileEncoding = 4; lastKnownFileType = sourcecode.swift; name = EventUserView.swift; path = Cells/EventUserView.swift; sourceTree = "<group>"; };
		180631BD1F53B5DE000F59B6 /* EventUserView.xib */ = {isa = PBXFileReference; fileEncoding = 4; lastKnownFileType = file.xib; name = EventUserView.xib; path = Cells/EventUserView.xib; sourceTree = "<group>"; };
		180631C01F53B91D000F59B6 /* UIView+Extensions.swift */ = {isa = PBXFileReference; fileEncoding = 4; lastKnownFileType = sourcecode.swift; name = "UIView+Extensions.swift"; path = "Extensions/UIView+Extensions.swift"; sourceTree = "<group>"; };
		180631C21F53C671000F59B6 /* EventNavigationBar.swift */ = {isa = PBXFileReference; fileEncoding = 4; lastKnownFileType = sourcecode.swift; name = EventNavigationBar.swift; path = Cells/EventNavigationBar.swift; sourceTree = "<group>"; };
		180631C31F53C671000F59B6 /* EventNavigationBar.xib */ = {isa = PBXFileReference; fileEncoding = 4; lastKnownFileType = file.xib; name = EventNavigationBar.xib; path = Cells/EventNavigationBar.xib; sourceTree = "<group>"; };
		1813C5D61F4F571E008ACBE5 /* Event.swift */ = {isa = PBXFileReference; fileEncoding = 4; lastKnownFileType = sourcecode.swift; name = Event.swift; path = Model/Event.swift; sourceTree = "<group>"; };
		1813C5DA1F4F5C46008ACBE5 /* User.swift */ = {isa = PBXFileReference; fileEncoding = 4; lastKnownFileType = sourcecode.swift; name = User.swift; path = Model/User.swift; sourceTree = "<group>"; };
		1813C5DC1F4F9FEC008ACBE5 /* EventsAPI.swift */ = {isa = PBXFileReference; fileEncoding = 4; lastKnownFileType = sourcecode.swift; name = EventsAPI.swift; path = API/EventsAPI.swift; sourceTree = "<group>"; };
		1813C5E01F4FC263008ACBE5 /* EventNetworkAdapter.swift */ = {isa = PBXFileReference; fileEncoding = 4; lastKnownFileType = sourcecode.swift; name = EventNetworkAdapter.swift; path = API/EventNetworkAdapter.swift; sourceTree = "<group>"; };
		1813C5E41F4FE076008ACBE5 /* EventsTableViewController.swift */ = {isa = PBXFileReference; fileEncoding = 4; lastKnownFileType = sourcecode.swift; name = EventsTableViewController.swift; path = ViewControllers/EventsTableViewController.swift; sourceTree = "<group>"; };
		1813C5E71F4FE09D008ACBE5 /* EventCell.swift */ = {isa = PBXFileReference; fileEncoding = 4; lastKnownFileType = sourcecode.swift; name = EventCell.swift; path = Cells/EventCell.swift; sourceTree = "<group>"; };
		1813C5E81F4FE09D008ACBE5 /* EventCell.xib */ = {isa = PBXFileReference; fileEncoding = 4; lastKnownFileType = file.xib; name = EventCell.xib; path = Cells/EventCell.xib; sourceTree = "<group>"; };
		181900831F57B4340073AA63 /* ImageCell.swift */ = {isa = PBXFileReference; fileEncoding = 4; lastKnownFileType = sourcecode.swift; name = ImageCell.swift; path = Cells/ImageRow/ImageCell.swift; sourceTree = "<group>"; };
		181900841F57B4340073AA63 /* ImagePickerController.swift */ = {isa = PBXFileReference; fileEncoding = 4; lastKnownFileType = sourcecode.swift; name = ImagePickerController.swift; path = Cells/ImageRow/ImagePickerController.swift; sourceTree = "<group>"; };
		181900851F57B4340073AA63 /* ImageRow.swift */ = {isa = PBXFileReference; fileEncoding = 4; lastKnownFileType = sourcecode.swift; name = ImageRow.swift; path = Cells/ImageRow/ImageRow.swift; sourceTree = "<group>"; };
		1835DB1F1F5F891E002E0DEC /* LSViewController.swift */ = {isa = PBXFileReference; fileEncoding = 4; lastKnownFileType = sourcecode.swift; name = LSViewController.swift; path = ViewControllers/LSViewController.swift; sourceTree = "<group>"; };
		188BF93A1F5A01FF0043ABC6 /* UserCell.xib */ = {isa = PBXFileReference; fileEncoding = 4; lastKnownFileType = file.xib; name = UserCell.xib; path = Cells/UserRow/UserCell.xib; sourceTree = "<group>"; };
		188BF93C1F5A02DC0043ABC6 /* UserCell.swift */ = {isa = PBXFileReference; fileEncoding = 4; lastKnownFileType = sourcecode.swift; name = UserCell.swift; path = Cells/UserRow/UserCell.swift; sourceTree = "<group>"; };
		18A230691F4C72780025DA84 /* Events.app */ = {isa = PBXFileReference; explicitFileType = wrapper.application; includeInIndex = 0; path = Events.app; sourceTree = BUILT_PRODUCTS_DIR; };
		18A2306C1F4C72780025DA84 /* AppDelegate.swift */ = {isa = PBXFileReference; lastKnownFileType = sourcecode.swift; path = AppDelegate.swift; sourceTree = "<group>"; };
		18A230731F4C72780025DA84 /* Base */ = {isa = PBXFileReference; lastKnownFileType = file.storyboard; name = Base; path = Base.lproj/Main.storyboard; sourceTree = "<group>"; };
		18A230751F4C72780025DA84 /* Assets.xcassets */ = {isa = PBXFileReference; lastKnownFileType = folder.assetcatalog; name = Assets.xcassets; path = Events/Assets.xcassets; sourceTree = "<group>"; };
		18A230781F4C72780025DA84 /* Base */ = {isa = PBXFileReference; lastKnownFileType = file.storyboard; name = Base; path = Base.lproj/LaunchScreen.storyboard; sourceTree = "<group>"; };
		18A2307A1F4C72780025DA84 /* Info.plist */ = {isa = PBXFileReference; lastKnownFileType = text.plist.xml; name = Info.plist; path = Events/Info.plist; sourceTree = "<group>"; };
		18A2307F1F4C72780025DA84 /* EventsTests.xctest */ = {isa = PBXFileReference; explicitFileType = wrapper.cfbundle; includeInIndex = 0; path = EventsTests.xctest; sourceTree = BUILT_PRODUCTS_DIR; };
		18A230831F4C72780025DA84 /* EventsTests.swift */ = {isa = PBXFileReference; lastKnownFileType = sourcecode.swift; path = EventsTests.swift; sourceTree = "<group>"; };
		18A230851F4C72780025DA84 /* Info.plist */ = {isa = PBXFileReference; lastKnownFileType = text.plist.xml; path = Info.plist; sourceTree = "<group>"; };
		18A2308A1F4C72780025DA84 /* EventsUITests.xctest */ = {isa = PBXFileReference; explicitFileType = wrapper.cfbundle; includeInIndex = 0; path = EventsUITests.xctest; sourceTree = BUILT_PRODUCTS_DIR; };
		18A2308E1F4C72780025DA84 /* EventsUITests.swift */ = {isa = PBXFileReference; lastKnownFileType = sourcecode.swift; path = EventsUITests.swift; sourceTree = "<group>"; };
		18A230901F4C72780025DA84 /* Info.plist */ = {isa = PBXFileReference; lastKnownFileType = text.plist.xml; path = Info.plist; sourceTree = "<group>"; };
		18A230A41F4C734C0025DA84 /* pt-BR */ = {isa = PBXFileReference; lastKnownFileType = text.plist.strings; name = "pt-BR"; path = "pt-BR.lproj/Main.strings"; sourceTree = "<group>"; };
		18A230A51F4C734C0025DA84 /* pt-BR */ = {isa = PBXFileReference; lastKnownFileType = text.plist.strings; name = "pt-BR"; path = "pt-BR.lproj/LaunchScreen.strings"; sourceTree = "<group>"; };
		18A230AC1F4C73DF0025DA84 /* Base */ = {isa = PBXFileReference; lastKnownFileType = text.plist.strings; name = Base; path = Events/Base.lproj/Localizable.strings; sourceTree = "<group>"; };
		18A230AE1F4C73E50025DA84 /* en */ = {isa = PBXFileReference; lastKnownFileType = text.plist.strings; name = en; path = Events/en.lproj/Localizable.strings; sourceTree = "<group>"; };
		18A230AF1F4C73E70025DA84 /* pt-BR */ = {isa = PBXFileReference; lastKnownFileType = text.plist.strings; name = "pt-BR"; path = "Events/pt-BR.lproj/Localizable.strings"; sourceTree = "<group>"; };
		18A230B11F4C746A0025DA84 /* Enums+Extensions.swift */ = {isa = PBXFileReference; fileEncoding = 4; lastKnownFileType = sourcecode.swift; name = "Enums+Extensions.swift"; path = "Extensions/Enums+Extensions.swift"; sourceTree = "<group>"; };
		18A230B21F4C746A0025DA84 /* UIColor+Extensions.swift */ = {isa = PBXFileReference; fileEncoding = 4; lastKnownFileType = sourcecode.swift; name = "UIColor+Extensions.swift"; path = "Extensions/UIColor+Extensions.swift"; sourceTree = "<group>"; };
		18A77AA01F5377B200AEE365 /* EventViewController.swift */ = {isa = PBXFileReference; fileEncoding = 4; lastKnownFileType = sourcecode.swift; name = EventViewController.swift; path = ViewControllers/EventViewController.swift; sourceTree = "<group>"; };
		18A77AA51F537EEC00AEE365 /* ImageSlideShow.swift */ = {isa = PBXFileReference; fileEncoding = 4; lastKnownFileType = sourcecode.swift; name = ImageSlideShow.swift; path = Cells/ImageSlideShow.swift; sourceTree = "<group>"; };
		18A850591F56614E00D21A08 /* MapCell.swift */ = {isa = PBXFileReference; fileEncoding = 4; lastKnownFileType = sourcecode.swift; name = MapCell.swift; path = Cells/MapCell.swift; sourceTree = "<group>"; };
		18A8505A1F56614E00D21A08 /* MapCell.xib */ = {isa = PBXFileReference; fileEncoding = 4; lastKnownFileType = file.xib; name = MapCell.xib; path = Cells/MapCell.xib; sourceTree = "<group>"; };
		18A8505D1F566D0800D21A08 /* Keys.plist */ = {isa = PBXFileReference; fileEncoding = 4; lastKnownFileType = text.plist.xml; name = Keys.plist; path = Events/Keys.plist; sourceTree = "<group>"; };
		18CE76F91F5391E500C79E54 /* ImageSlideShow.xib */ = {isa = PBXFileReference; fileEncoding = 4; lastKnownFileType = file.xib; name = ImageSlideShow.xib; path = Cells/ImageSlideShow.xib; sourceTree = "<group>"; };
		18CE76FB1F53A8A900C79E54 /* Image.swift */ = {isa = PBXFileReference; fileEncoding = 4; lastKnownFileType = sourcecode.swift; name = Image.swift; path = Model/Image.swift; sourceTree = "<group>"; };
		18D058AC1F5E485300A15F13 /* SettingsViewController.swift */ = {isa = PBXFileReference; fileEncoding = 4; lastKnownFileType = sourcecode.swift; name = SettingsViewController.swift; path = ViewControllers/SettingsViewController.swift; sourceTree = "<group>"; };
		6A277B896B6EC1B8E5349247 /* Pods-Events.debug.xcconfig */ = {isa = PBXFileReference; includeInIndex = 1; lastKnownFileType = text.xcconfig; name = "Pods-Events.debug.xcconfig"; path = "Pods/Target Support Files/Pods-Events/Pods-Events.debug.xcconfig"; sourceTree = "<group>"; };
		A23FBDAC5A1F745C618814F1 /* Pods_Events.framework */ = {isa = PBXFileReference; explicitFileType = wrapper.framework; includeInIndex = 0; path = Pods_Events.framework; sourceTree = BUILT_PRODUCTS_DIR; };
		A93EA2DA4B291F4D743F8640 /* Pods-Events.release.xcconfig */ = {isa = PBXFileReference; includeInIndex = 1; lastKnownFileType = text.xcconfig; name = "Pods-Events.release.xcconfig"; path = "Pods/Target Support Files/Pods-Events/Pods-Events.release.xcconfig"; sourceTree = "<group>"; };
/* End PBXFileReference section */

/* Begin PBXFrameworksBuildPhase section */
		18A230661F4C72780025DA84 /* Frameworks */ = {
			isa = PBXFrameworksBuildPhase;
			buildActionMask = 2147483647;
			files = (
				D2C4394DEFFC47BB1FF2862E /* Pods_Events.framework in Frameworks */,
			);
			runOnlyForDeploymentPostprocessing = 0;
		};
		18A2307C1F4C72780025DA84 /* Frameworks */ = {
			isa = PBXFrameworksBuildPhase;
			buildActionMask = 2147483647;
			files = (
			);
			runOnlyForDeploymentPostprocessing = 0;
		};
		18A230871F4C72780025DA84 /* Frameworks */ = {
			isa = PBXFrameworksBuildPhase;
			buildActionMask = 2147483647;
			files = (
			);
			runOnlyForDeploymentPostprocessing = 0;
		};
/* End PBXFrameworksBuildPhase section */

/* Begin PBXGroup section */
		1801083F1F536508006380DB /* UI */ = {
			isa = PBXGroup;
			children = (
				180108401F53651D006380DB /* EventsUI.swift */,
			);
			name = UI;
			sourceTree = "<group>";
		};
		1813C5D51F4F56EA008ACBE5 /* Model */ = {
			isa = PBXGroup;
			children = (
				1813C5D61F4F571E008ACBE5 /* Event.swift */,
				1813C5DA1F4F5C46008ACBE5 /* User.swift */,
				18CE76FB1F53A8A900C79E54 /* Image.swift */,
			);
			name = Model;
			sourceTree = "<group>";
		};
		1813C5E61F4FE07F008ACBE5 /* Cells */ = {
			isa = PBXGroup;
			children = (
				188BF9391F5A01930043ABC6 /* UserRow */,
				181900821F57B4240073AA63 /* ImageRow */,
				180631BC1F53B5DE000F59B6 /* EventUserView.swift */,
				180631BD1F53B5DE000F59B6 /* EventUserView.xib */,
				1813C5E71F4FE09D008ACBE5 /* EventCell.swift */,
				1813C5E81F4FE09D008ACBE5 /* EventCell.xib */,
				18A77AA51F537EEC00AEE365 /* ImageSlideShow.swift */,
				18CE76F91F5391E500C79E54 /* ImageSlideShow.xib */,
				180631C21F53C671000F59B6 /* EventNavigationBar.swift */,
				180631C31F53C671000F59B6 /* EventNavigationBar.xib */,
				18A850591F56614E00D21A08 /* MapCell.swift */,
				18A8505A1F56614E00D21A08 /* MapCell.xib */,
			);
			name = Cells;
			sourceTree = "<group>";
		};
		181900821F57B4240073AA63 /* ImageRow */ = {
			isa = PBXGroup;
			children = (
				181900831F57B4340073AA63 /* ImageCell.swift */,
				181900841F57B4340073AA63 /* ImagePickerController.swift */,
				181900851F57B4340073AA63 /* ImageRow.swift */,
			);
			name = ImageRow;
			sourceTree = "<group>";
		};
		1835DB1E1F5F88DB002E0DEC /* Users */ = {
			isa = PBXGroup;
			children = (
				1835DB1F1F5F891E002E0DEC /* LSViewController.swift */,
			);
			name = Users;
			sourceTree = "<group>";
		};
		188BF9391F5A01930043ABC6 /* UserRow */ = {
			isa = PBXGroup;
			children = (
				188BF93A1F5A01FF0043ABC6 /* UserCell.xib */,
				188BF93C1F5A02DC0043ABC6 /* UserCell.swift */,
			);
			name = UserRow;
			sourceTree = "<group>";
		};
		18A230601F4C72780025DA84 = {
			isa = PBXGroup;
			children = (
				18A2306B1F4C72780025DA84 /* Events */,
				18A2309C1F4C72970025DA84 /* Supporting Files */,
				18A230821F4C72780025DA84 /* EventsTests */,
				18A2308D1F4C72780025DA84 /* EventsUITests */,
				18A2306A1F4C72780025DA84 /* Products */,
				AB5F9DA673BD6D36212D048F /* Pods */,
				B5649BCB1048FC43AA8F183C /* Frameworks */,
			);
			sourceTree = "<group>";
		};
		18A2306A1F4C72780025DA84 /* Products */ = {
			isa = PBXGroup;
			children = (
				18A230691F4C72780025DA84 /* Events.app */,
				18A2307F1F4C72780025DA84 /* EventsTests.xctest */,
				18A2308A1F4C72780025DA84 /* EventsUITests.xctest */,
			);
			name = Products;
			sourceTree = "<group>";
		};
		18A2306B1F4C72780025DA84 /* Events */ = {
			isa = PBXGroup;
			children = (
				18A2309E1F4C72B10025DA84 /* AppDelegate */,
				18A2309D1F4C72A80025DA84 /* Storyboards */,
				18A2309F1F4C72C00025DA84 /* Controllers */,
				1813C5D51F4F56EA008ACBE5 /* Model */,
				18A230B61F4C7B8C0025DA84 /* API */,
				1801083F1F536508006380DB /* UI */,
				1813C5E61F4FE07F008ACBE5 /* Cells */,
				18A230B01F4C745D0025DA84 /* Extensions */,
			);
			path = Events;
			sourceTree = "<group>";
		};
		18A230821F4C72780025DA84 /* EventsTests */ = {
			isa = PBXGroup;
			children = (
				18A230831F4C72780025DA84 /* EventsTests.swift */,
				18A230851F4C72780025DA84 /* Info.plist */,
			);
			path = EventsTests;
			sourceTree = "<group>";
		};
		18A2308D1F4C72780025DA84 /* EventsUITests */ = {
			isa = PBXGroup;
			children = (
				18A2308E1F4C72780025DA84 /* EventsUITests.swift */,
				18A230901F4C72780025DA84 /* Info.plist */,
			);
			path = EventsUITests;
			sourceTree = "<group>";
		};
		18A2309C1F4C72970025DA84 /* Supporting Files */ = {
			isa = PBXGroup;
			children = (
				18A230AB1F4C73DF0025DA84 /* Localizable.strings */,
				18A2307A1F4C72780025DA84 /* Info.plist */,
				18A230751F4C72780025DA84 /* Assets.xcassets */,
				18A8505D1F566D0800D21A08 /* Keys.plist */,
			);
			name = "Supporting Files";
			sourceTree = "<group>";
		};
		18A2309D1F4C72A80025DA84 /* Storyboards */ = {
			isa = PBXGroup;
			children = (
				18A230721F4C72780025DA84 /* Main.storyboard */,
				18A230771F4C72780025DA84 /* LaunchScreen.storyboard */,
			);
			name = Storyboards;
			sourceTree = "<group>";
		};
		18A2309E1F4C72B10025DA84 /* AppDelegate */ = {
			isa = PBXGroup;
			children = (
				18A2306C1F4C72780025DA84 /* AppDelegate.swift */,
			);
			name = AppDelegate;
			sourceTree = "<group>";
		};
		18A2309F1F4C72C00025DA84 /* Controllers */ = {
			isa = PBXGroup;
			children = (
				18D058AA1F5E481C00A15F13 /* Events */,
				1835DB1E1F5F88DB002E0DEC /* Users */,
				18D058AB1F5E482600A15F13 /* Settings */,
			);
			name = Controllers;
			sourceTree = "<group>";
		};
		18A230B01F4C745D0025DA84 /* Extensions */ = {
			isa = PBXGroup;
			children = (
				18A230B11F4C746A0025DA84 /* Enums+Extensions.swift */,
				18A230B21F4C746A0025DA84 /* UIColor+Extensions.swift */,
				1801083A1F51B01D006380DB /* Moya+Extensions.swift */,
				1801083C1F53521C006380DB /* ObjectMapper+Extensions.swift */,
				180631C01F53B91D000F59B6 /* UIView+Extensions.swift */,
			);
			name = Extensions;
			sourceTree = "<group>";
		};
		18A230B61F4C7B8C0025DA84 /* API */ = {
			isa = PBXGroup;
			children = (
				1813C5DC1F4F9FEC008ACBE5 /* EventsAPI.swift */,
				1813C5E01F4FC263008ACBE5 /* EventNetworkAdapter.swift */,
				1805F58C1F57A17600B0FA8B /* UserNetworkAdapter.swift */,
			);
			name = API;
			sourceTree = "<group>";
		};
		18D058AA1F5E481C00A15F13 /* Events */ = {
			isa = PBXGroup;
			children = (
				1813C5E41F4FE076008ACBE5 /* EventsTableViewController.swift */,
				18A77AA01F5377B200AEE365 /* EventViewController.swift */,
			);
			name = Events;
			sourceTree = "<group>";
		};
		18D058AB1F5E482600A15F13 /* Settings */ = {
			isa = PBXGroup;
			children = (
				18D058AC1F5E485300A15F13 /* SettingsViewController.swift */,
			);
			name = Settings;
			sourceTree = "<group>";
		};
		AB5F9DA673BD6D36212D048F /* Pods */ = {
			isa = PBXGroup;
			children = (
				6A277B896B6EC1B8E5349247 /* Pods-Events.debug.xcconfig */,
				A93EA2DA4B291F4D743F8640 /* Pods-Events.release.xcconfig */,
			);
			name = Pods;
			sourceTree = "<group>";
		};
		B5649BCB1048FC43AA8F183C /* Frameworks */ = {
			isa = PBXGroup;
			children = (
				A23FBDAC5A1F745C618814F1 /* Pods_Events.framework */,
			);
			name = Frameworks;
			sourceTree = "<group>";
		};
/* End PBXGroup section */

/* Begin PBXNativeTarget section */
		18A230681F4C72780025DA84 /* Events */ = {
			isa = PBXNativeTarget;
			buildConfigurationList = 18A230931F4C72780025DA84 /* Build configuration list for PBXNativeTarget "Events" */;
			buildPhases = (
				50615133C2D5AB7CF41672A0 /* [CP] Check Pods Manifest.lock */,
				18A230651F4C72780025DA84 /* Sources */,
				18A230661F4C72780025DA84 /* Frameworks */,
				18A230671F4C72780025DA84 /* Resources */,
				318CE2F8040345EDC495F56B /* [CP] Embed Pods Frameworks */,
				F65514DB6B85BD990E605B7D /* [CP] Copy Pods Resources */,
			);
			buildRules = (
			);
			dependencies = (
			);
			name = Events;
			productName = Events;
			productReference = 18A230691F4C72780025DA84 /* Events.app */;
			productType = "com.apple.product-type.application";
		};
		18A2307E1F4C72780025DA84 /* EventsTests */ = {
			isa = PBXNativeTarget;
			buildConfigurationList = 18A230961F4C72780025DA84 /* Build configuration list for PBXNativeTarget "EventsTests" */;
			buildPhases = (
				18A2307B1F4C72780025DA84 /* Sources */,
				18A2307C1F4C72780025DA84 /* Frameworks */,
				18A2307D1F4C72780025DA84 /* Resources */,
			);
			buildRules = (
			);
			dependencies = (
				18A230811F4C72780025DA84 /* PBXTargetDependency */,
			);
			name = EventsTests;
			productName = EventsTests;
			productReference = 18A2307F1F4C72780025DA84 /* EventsTests.xctest */;
			productType = "com.apple.product-type.bundle.unit-test";
		};
		18A230891F4C72780025DA84 /* EventsUITests */ = {
			isa = PBXNativeTarget;
			buildConfigurationList = 18A230991F4C72780025DA84 /* Build configuration list for PBXNativeTarget "EventsUITests" */;
			buildPhases = (
				18A230861F4C72780025DA84 /* Sources */,
				18A230871F4C72780025DA84 /* Frameworks */,
				18A230881F4C72780025DA84 /* Resources */,
			);
			buildRules = (
			);
			dependencies = (
				18A2308C1F4C72780025DA84 /* PBXTargetDependency */,
			);
			name = EventsUITests;
			productName = EventsUITests;
			productReference = 18A2308A1F4C72780025DA84 /* EventsUITests.xctest */;
			productType = "com.apple.product-type.bundle.ui-testing";
		};
/* End PBXNativeTarget section */

/* Begin PBXProject section */
		18A230611F4C72780025DA84 /* Project object */ = {
			isa = PBXProject;
			attributes = {
				LastSwiftUpdateCheck = 0830;
				LastUpgradeCheck = 0830;
				ORGANIZATIONNAME = "Orlando Amorim";
				TargetAttributes = {
					18A230681F4C72780025DA84 = {
						CreatedOnToolsVersion = 8.3.3;
						DevelopmentTeam = J6N5QCUQA9;
						ProvisioningStyle = Automatic;
					};
					18A2307E1F4C72780025DA84 = {
						CreatedOnToolsVersion = 8.3.3;
						DevelopmentTeam = J6N5QCUQA9;
						ProvisioningStyle = Automatic;
						TestTargetID = 18A230681F4C72780025DA84;
					};
					18A230891F4C72780025DA84 = {
						CreatedOnToolsVersion = 8.3.3;
						DevelopmentTeam = J6N5QCUQA9;
						ProvisioningStyle = Automatic;
						TestTargetID = 18A230681F4C72780025DA84;
					};
				};
			};
			buildConfigurationList = 18A230641F4C72780025DA84 /* Build configuration list for PBXProject "Events" */;
			compatibilityVersion = "Xcode 3.2";
			developmentRegion = English;
			hasScannedForEncodings = 0;
			knownRegions = (
				en,
				Base,
				"pt-BR",
			);
			mainGroup = 18A230601F4C72780025DA84;
			productRefGroup = 18A2306A1F4C72780025DA84 /* Products */;
			projectDirPath = "";
			projectRoot = "";
			targets = (
				18A230681F4C72780025DA84 /* Events */,
				18A2307E1F4C72780025DA84 /* EventsTests */,
				18A230891F4C72780025DA84 /* EventsUITests */,
			);
		};
/* End PBXProject section */

/* Begin PBXResourcesBuildPhase section */
		18A230671F4C72780025DA84 /* Resources */ = {
			isa = PBXResourcesBuildPhase;
			buildActionMask = 2147483647;
			files = (
				1813C5EA1F4FE09D008ACBE5 /* EventCell.xib in Resources */,
				188BF93B1F5A01FF0043ABC6 /* UserCell.xib in Resources */,
				18A230791F4C72780025DA84 /* LaunchScreen.storyboard in Resources */,
				180631BF1F53B5DE000F59B6 /* EventUserView.xib in Resources */,
				18A230AD1F4C73DF0025DA84 /* Localizable.strings in Resources */,
				18A8505E1F566D0800D21A08 /* Keys.plist in Resources */,
				18A230761F4C72780025DA84 /* Assets.xcassets in Resources */,
				18CE76FA1F5391E500C79E54 /* ImageSlideShow.xib in Resources */,
				180631C51F53C671000F59B6 /* EventNavigationBar.xib in Resources */,
				18A230741F4C72780025DA84 /* Main.storyboard in Resources */,
				18A8505C1F56614E00D21A08 /* MapCell.xib in Resources */,
			);
			runOnlyForDeploymentPostprocessing = 0;
		};
		18A2307D1F4C72780025DA84 /* Resources */ = {
			isa = PBXResourcesBuildPhase;
			buildActionMask = 2147483647;
			files = (
			);
			runOnlyForDeploymentPostprocessing = 0;
		};
		18A230881F4C72780025DA84 /* Resources */ = {
			isa = PBXResourcesBuildPhase;
			buildActionMask = 2147483647;
			files = (
			);
			runOnlyForDeploymentPostprocessing = 0;
		};
/* End PBXResourcesBuildPhase section */

/* Begin PBXShellScriptBuildPhase section */
		318CE2F8040345EDC495F56B /* [CP] Embed Pods Frameworks */ = {
			isa = PBXShellScriptBuildPhase;
			buildActionMask = 2147483647;
			files = (
			);
			inputPaths = (
				"${SRCROOT}/Pods/Target Support Files/Pods-Events/Pods-Events-frameworks.sh",
				"${BUILT_PRODUCTS_DIR}/Alamofire/Alamofire.framework",
				"${BUILT_PRODUCTS_DIR}/Eureka/Eureka.framework",
				"${BUILT_PRODUCTS_DIR}/ImageSlideshow/ImageSlideshow.framework",
				"${BUILT_PRODUCTS_DIR}/Moya/Moya.framework",
				"${BUILT_PRODUCTS_DIR}/ObjectMapper/ObjectMapper.framework",
				"${BUILT_PRODUCTS_DIR}/Realm/Realm.framework",
				"${BUILT_PRODUCTS_DIR}/RealmSwift/RealmSwift.framework",
				"${BUILT_PRODUCTS_DIR}/Result/Result.framework",
				"${BUILT_PRODUCTS_DIR}/SDWebImage/SDWebImage.framework",
			);
			name = "[CP] Embed Pods Frameworks";
			outputPaths = (
				"${TARGET_BUILD_DIR}/${FRAMEWORKS_FOLDER_PATH}/Alamofire.framework",
				"${TARGET_BUILD_DIR}/${FRAMEWORKS_FOLDER_PATH}/Eureka.framework",
				"${TARGET_BUILD_DIR}/${FRAMEWORKS_FOLDER_PATH}/ImageSlideshow.framework",
				"${TARGET_BUILD_DIR}/${FRAMEWORKS_FOLDER_PATH}/Moya.framework",
				"${TARGET_BUILD_DIR}/${FRAMEWORKS_FOLDER_PATH}/ObjectMapper.framework",
				"${TARGET_BUILD_DIR}/${FRAMEWORKS_FOLDER_PATH}/Realm.framework",
				"${TARGET_BUILD_DIR}/${FRAMEWORKS_FOLDER_PATH}/RealmSwift.framework",
				"${TARGET_BUILD_DIR}/${FRAMEWORKS_FOLDER_PATH}/Result.framework",
				"${TARGET_BUILD_DIR}/${FRAMEWORKS_FOLDER_PATH}/SDWebImage.framework",
			);
			runOnlyForDeploymentPostprocessing = 0;
			shellPath = /bin/sh;
			shellScript = "\"${SRCROOT}/Pods/Target Support Files/Pods-Events/Pods-Events-frameworks.sh\"\n";
			showEnvVarsInLog = 0;
		};
		50615133C2D5AB7CF41672A0 /* [CP] Check Pods Manifest.lock */ = {
			isa = PBXShellScriptBuildPhase;
			buildActionMask = 2147483647;
			files = (
			);
			inputPaths = (
				"${PODS_PODFILE_DIR_PATH}/Podfile.lock",
				"${PODS_ROOT}/Manifest.lock",
			);
			name = "[CP] Check Pods Manifest.lock";
			outputPaths = (
				"$(DERIVED_FILE_DIR)/Pods-Events-checkManifestLockResult.txt",
			);
			runOnlyForDeploymentPostprocessing = 0;
			shellPath = /bin/sh;
			shellScript = "diff \"${PODS_PODFILE_DIR_PATH}/Podfile.lock\" \"${PODS_ROOT}/Manifest.lock\" > /dev/null\nif [ $? != 0 ] ; then\n    # print error to STDERR\n    echo \"error: The sandbox is not in sync with the Podfile.lock. Run 'pod install' or update your CocoaPods installation.\" >&2\n    exit 1\nfi\n# This output is used by Xcode 'outputs' to avoid re-running this script phase.\necho \"SUCCESS\" > \"${SCRIPT_OUTPUT_FILE_0}\"\n";
			showEnvVarsInLog = 0;
		};
		F65514DB6B85BD990E605B7D /* [CP] Copy Pods Resources */ = {
			isa = PBXShellScriptBuildPhase;
			buildActionMask = 2147483647;
			files = (
			);
			inputPaths = (
			);
			name = "[CP] Copy Pods Resources";
			outputPaths = (
			);
			runOnlyForDeploymentPostprocessing = 0;
			shellPath = /bin/sh;
			shellScript = "\"${SRCROOT}/Pods/Target Support Files/Pods-Events/Pods-Events-resources.sh\"\n";
			showEnvVarsInLog = 0;
		};
/* End PBXShellScriptBuildPhase section */

/* Begin PBXSourcesBuildPhase section */
		18A230651F4C72780025DA84 /* Sources */ = {
			isa = PBXSourcesBuildPhase;
			buildActionMask = 2147483647;
			files = (
				180631C41F53C671000F59B6 /* EventNavigationBar.swift in Sources */,
				18A230B31F4C746A0025DA84 /* Enums+Extensions.swift in Sources */,
				1813C5E51F4FE076008ACBE5 /* EventsTableViewController.swift in Sources */,
				181900881F57B4340073AA63 /* ImageRow.swift in Sources */,
				18A77AA11F5377B200AEE365 /* EventViewController.swift in Sources */,
				1801083D1F53521C006380DB /* ObjectMapper+Extensions.swift in Sources */,
				181900861F57B4340073AA63 /* ImageCell.swift in Sources */,
				18CE76FC1F53A8A900C79E54 /* Image.swift in Sources */,
				18D058AD1F5E485300A15F13 /* SettingsViewController.swift in Sources */,
				188BF93D1F5A02DC0043ABC6 /* UserCell.swift in Sources */,
				180108411F53651D006380DB /* EventsUI.swift in Sources */,
				180631C11F53B91D000F59B6 /* UIView+Extensions.swift in Sources */,
				18A230B41F4C746A0025DA84 /* UIColor+Extensions.swift in Sources */,
				18A77AA61F537EEC00AEE365 /* ImageSlideShow.swift in Sources */,
				1813C5DE1F4F9FEC008ACBE5 /* EventsAPI.swift in Sources */,
				1813C5E11F4FC263008ACBE5 /* EventNetworkAdapter.swift in Sources */,
				1801083B1F51B01D006380DB /* Moya+Extensions.swift in Sources */,
				1805F58D1F57A17600B0FA8B /* UserNetworkAdapter.swift in Sources */,
				180631BE1F53B5DE000F59B6 /* EventUserView.swift in Sources */,
				1835DB201F5F891E002E0DEC /* LSViewController.swift in Sources */,
				1813C5DB1F4F5C46008ACBE5 /* User.swift in Sources */,
				181900871F57B4340073AA63 /* ImagePickerController.swift in Sources */,
				1813C5D71F4F571E008ACBE5 /* Event.swift in Sources */,
				18A8505B1F56614E00D21A08 /* MapCell.swift in Sources */,
				1813C5E91F4FE09D008ACBE5 /* EventCell.swift in Sources */,
				18A2306D1F4C72780025DA84 /* AppDelegate.swift in Sources */,
			);
			runOnlyForDeploymentPostprocessing = 0;
		};
		18A2307B1F4C72780025DA84 /* Sources */ = {
			isa = PBXSourcesBuildPhase;
			buildActionMask = 2147483647;
			files = (
				18A230841F4C72780025DA84 /* EventsTests.swift in Sources */,
			);
			runOnlyForDeploymentPostprocessing = 0;
		};
		18A230861F4C72780025DA84 /* Sources */ = {
			isa = PBXSourcesBuildPhase;
			buildActionMask = 2147483647;
			files = (
				18A2308F1F4C72780025DA84 /* EventsUITests.swift in Sources */,
			);
			runOnlyForDeploymentPostprocessing = 0;
		};
/* End PBXSourcesBuildPhase section */

/* Begin PBXTargetDependency section */
		18A230811F4C72780025DA84 /* PBXTargetDependency */ = {
			isa = PBXTargetDependency;
			target = 18A230681F4C72780025DA84 /* Events */;
			targetProxy = 18A230801F4C72780025DA84 /* PBXContainerItemProxy */;
		};
		18A2308C1F4C72780025DA84 /* PBXTargetDependency */ = {
			isa = PBXTargetDependency;
			target = 18A230681F4C72780025DA84 /* Events */;
			targetProxy = 18A2308B1F4C72780025DA84 /* PBXContainerItemProxy */;
		};
/* End PBXTargetDependency section */

/* Begin PBXVariantGroup section */
		18A230721F4C72780025DA84 /* Main.storyboard */ = {
			isa = PBXVariantGroup;
			children = (
				18A230731F4C72780025DA84 /* Base */,
				18A230A41F4C734C0025DA84 /* pt-BR */,
			);
			name = Main.storyboard;
			sourceTree = "<group>";
		};
		18A230771F4C72780025DA84 /* LaunchScreen.storyboard */ = {
			isa = PBXVariantGroup;
			children = (
				18A230781F4C72780025DA84 /* Base */,
				18A230A51F4C734C0025DA84 /* pt-BR */,
			);
			name = LaunchScreen.storyboard;
			sourceTree = "<group>";
		};
		18A230AB1F4C73DF0025DA84 /* Localizable.strings */ = {
			isa = PBXVariantGroup;
			children = (
				18A230AC1F4C73DF0025DA84 /* Base */,
				18A230AE1F4C73E50025DA84 /* en */,
				18A230AF1F4C73E70025DA84 /* pt-BR */,
			);
			name = Localizable.strings;
			sourceTree = "<group>";
		};
/* End PBXVariantGroup section */

/* Begin XCBuildConfiguration section */
		18A230911F4C72780025DA84 /* Debug */ = {
			isa = XCBuildConfiguration;
			buildSettings = {
				ALWAYS_SEARCH_USER_PATHS = NO;
				CLANG_ANALYZER_LOCALIZABILITY_NONLOCALIZED = YES;
				CLANG_ANALYZER_NONNULL = YES;
				CLANG_ANALYZER_NUMBER_OBJECT_CONVERSION = YES_AGGRESSIVE;
				CLANG_CXX_LANGUAGE_STANDARD = "gnu++0x";
				CLANG_CXX_LIBRARY = "libc++";
				CLANG_ENABLE_MODULES = YES;
				CLANG_ENABLE_OBJC_ARC = YES;
				CLANG_WARN_BOOL_CONVERSION = YES;
				CLANG_WARN_CONSTANT_CONVERSION = YES;
				CLANG_WARN_DIRECT_OBJC_ISA_USAGE = YES_ERROR;
				CLANG_WARN_DOCUMENTATION_COMMENTS = YES;
				CLANG_WARN_EMPTY_BODY = YES;
				CLANG_WARN_ENUM_CONVERSION = YES;
				CLANG_WARN_INFINITE_RECURSION = YES;
				CLANG_WARN_INT_CONVERSION = YES;
				CLANG_WARN_OBJC_ROOT_CLASS = YES_ERROR;
				CLANG_WARN_SUSPICIOUS_MOVE = YES;
				CLANG_WARN_UNREACHABLE_CODE = YES;
				CLANG_WARN__DUPLICATE_METHOD_MATCH = YES;
				"CODE_SIGN_IDENTITY[sdk=iphoneos*]" = "iPhone Developer";
				COPY_PHASE_STRIP = NO;
				DEBUG_INFORMATION_FORMAT = dwarf;
				ENABLE_STRICT_OBJC_MSGSEND = YES;
				ENABLE_TESTABILITY = YES;
				GCC_C_LANGUAGE_STANDARD = gnu99;
				GCC_DYNAMIC_NO_PIC = NO;
				GCC_NO_COMMON_BLOCKS = YES;
				GCC_OPTIMIZATION_LEVEL = 0;
				GCC_PREPROCESSOR_DEFINITIONS = (
					"DEBUG=1",
					"$(inherited)",
				);
				GCC_WARN_64_TO_32_BIT_CONVERSION = YES;
				GCC_WARN_ABOUT_RETURN_TYPE = YES_ERROR;
				GCC_WARN_UNDECLARED_SELECTOR = YES;
				GCC_WARN_UNINITIALIZED_AUTOS = YES_AGGRESSIVE;
				GCC_WARN_UNUSED_FUNCTION = YES;
				GCC_WARN_UNUSED_VARIABLE = YES;
				IPHONEOS_DEPLOYMENT_TARGET = 10.3;
				MTL_ENABLE_DEBUG_INFO = YES;
				ONLY_ACTIVE_ARCH = YES;
				SDKROOT = iphoneos;
				SWIFT_ACTIVE_COMPILATION_CONDITIONS = DEBUG;
				SWIFT_OPTIMIZATION_LEVEL = "-Onone";
				TARGETED_DEVICE_FAMILY = "1,2";
			};
			name = Debug;
		};
		18A230921F4C72780025DA84 /* Release */ = {
			isa = XCBuildConfiguration;
			buildSettings = {
				ALWAYS_SEARCH_USER_PATHS = NO;
				CLANG_ANALYZER_LOCALIZABILITY_NONLOCALIZED = YES;
				CLANG_ANALYZER_NONNULL = YES;
				CLANG_ANALYZER_NUMBER_OBJECT_CONVERSION = YES_AGGRESSIVE;
				CLANG_CXX_LANGUAGE_STANDARD = "gnu++0x";
				CLANG_CXX_LIBRARY = "libc++";
				CLANG_ENABLE_MODULES = YES;
				CLANG_ENABLE_OBJC_ARC = YES;
				CLANG_WARN_BOOL_CONVERSION = YES;
				CLANG_WARN_CONSTANT_CONVERSION = YES;
				CLANG_WARN_DIRECT_OBJC_ISA_USAGE = YES_ERROR;
				CLANG_WARN_DOCUMENTATION_COMMENTS = YES;
				CLANG_WARN_EMPTY_BODY = YES;
				CLANG_WARN_ENUM_CONVERSION = YES;
				CLANG_WARN_INFINITE_RECURSION = YES;
				CLANG_WARN_INT_CONVERSION = YES;
				CLANG_WARN_OBJC_ROOT_CLASS = YES_ERROR;
				CLANG_WARN_SUSPICIOUS_MOVE = YES;
				CLANG_WARN_UNREACHABLE_CODE = YES;
				CLANG_WARN__DUPLICATE_METHOD_MATCH = YES;
				"CODE_SIGN_IDENTITY[sdk=iphoneos*]" = "iPhone Developer";
				COPY_PHASE_STRIP = NO;
				DEBUG_INFORMATION_FORMAT = "dwarf-with-dsym";
				ENABLE_NS_ASSERTIONS = NO;
				ENABLE_STRICT_OBJC_MSGSEND = YES;
				GCC_C_LANGUAGE_STANDARD = gnu99;
				GCC_NO_COMMON_BLOCKS = YES;
				GCC_WARN_64_TO_32_BIT_CONVERSION = YES;
				GCC_WARN_ABOUT_RETURN_TYPE = YES_ERROR;
				GCC_WARN_UNDECLARED_SELECTOR = YES;
				GCC_WARN_UNINITIALIZED_AUTOS = YES_AGGRESSIVE;
				GCC_WARN_UNUSED_FUNCTION = YES;
				GCC_WARN_UNUSED_VARIABLE = YES;
				IPHONEOS_DEPLOYMENT_TARGET = 10.3;
				MTL_ENABLE_DEBUG_INFO = NO;
				SDKROOT = iphoneos;
				SWIFT_OPTIMIZATION_LEVEL = "-Owholemodule";
				TARGETED_DEVICE_FAMILY = "1,2";
				VALIDATE_PRODUCT = YES;
			};
			name = Release;
		};
		18A230941F4C72780025DA84 /* Debug */ = {
			isa = XCBuildConfiguration;
			baseConfigurationReference = 6A277B896B6EC1B8E5349247 /* Pods-Events.debug.xcconfig */;
			buildSettings = {
				ASSETCATALOG_COMPILER_APPICON_NAME = AppIcon;
				DEVELOPMENT_TEAM = J6N5QCUQA9;
				INFOPLIST_FILE = Events/Info.plist;
				LD_RUNPATH_SEARCH_PATHS = "$(inherited) @executable_path/Frameworks";
				PRODUCT_BUNDLE_IDENTIFIER = orlandoamorim.Events;
				PRODUCT_NAME = "$(TARGET_NAME)";
				SWIFT_VERSION = 3.0;
			};
			name = Debug;
		};
		18A230951F4C72780025DA84 /* Release */ = {
			isa = XCBuildConfiguration;
			baseConfigurationReference = A93EA2DA4B291F4D743F8640 /* Pods-Events.release.xcconfig */;
			buildSettings = {
				ASSETCATALOG_COMPILER_APPICON_NAME = AppIcon;
				DEVELOPMENT_TEAM = J6N5QCUQA9;
				INFOPLIST_FILE = Events/Info.plist;
				LD_RUNPATH_SEARCH_PATHS = "$(inherited) @executable_path/Frameworks";
				PRODUCT_BUNDLE_IDENTIFIER = orlandoamorim.Events;
				PRODUCT_NAME = "$(TARGET_NAME)";
				SWIFT_VERSION = 3.0;
			};
			name = Release;
		};
		18A230971F4C72780025DA84 /* Debug */ = {
			isa = XCBuildConfiguration;
			buildSettings = {
				ALWAYS_EMBED_SWIFT_STANDARD_LIBRARIES = YES;
				BUNDLE_LOADER = "$(TEST_HOST)";
				DEVELOPMENT_TEAM = J6N5QCUQA9;
				INFOPLIST_FILE = EventsTests/Info.plist;
				LD_RUNPATH_SEARCH_PATHS = "$(inherited) @executable_path/Frameworks @loader_path/Frameworks";
				PRODUCT_BUNDLE_IDENTIFIER = orlandoamorim.EventsTests;
				PRODUCT_NAME = "$(TARGET_NAME)";
				SWIFT_VERSION = 3.0;
				TEST_HOST = "$(BUILT_PRODUCTS_DIR)/Events.app/Events";
			};
			name = Debug;
		};
		18A230981F4C72780025DA84 /* Release */ = {
			isa = XCBuildConfiguration;
			buildSettings = {
				ALWAYS_EMBED_SWIFT_STANDARD_LIBRARIES = YES;
				BUNDLE_LOADER = "$(TEST_HOST)";
				DEVELOPMENT_TEAM = J6N5QCUQA9;
				INFOPLIST_FILE = EventsTests/Info.plist;
				LD_RUNPATH_SEARCH_PATHS = "$(inherited) @executable_path/Frameworks @loader_path/Frameworks";
				PRODUCT_BUNDLE_IDENTIFIER = orlandoamorim.EventsTests;
				PRODUCT_NAME = "$(TARGET_NAME)";
				SWIFT_VERSION = 3.0;
				TEST_HOST = "$(BUILT_PRODUCTS_DIR)/Events.app/Events";
			};
			name = Release;
		};
		18A2309A1F4C72780025DA84 /* Debug */ = {
			isa = XCBuildConfiguration;
			buildSettings = {
				ALWAYS_EMBED_SWIFT_STANDARD_LIBRARIES = YES;
				DEVELOPMENT_TEAM = J6N5QCUQA9;
				INFOPLIST_FILE = EventsUITests/Info.plist;
				LD_RUNPATH_SEARCH_PATHS = "$(inherited) @executable_path/Frameworks @loader_path/Frameworks";
				PRODUCT_BUNDLE_IDENTIFIER = orlandoamorim.EventsUITests;
				PRODUCT_NAME = "$(TARGET_NAME)";
				SWIFT_VERSION = 3.0;
				TEST_TARGET_NAME = Events;
			};
			name = Debug;
		};
		18A2309B1F4C72780025DA84 /* Release */ = {
			isa = XCBuildConfiguration;
			buildSettings = {
				ALWAYS_EMBED_SWIFT_STANDARD_LIBRARIES = YES;
				DEVELOPMENT_TEAM = J6N5QCUQA9;
				INFOPLIST_FILE = EventsUITests/Info.plist;
				LD_RUNPATH_SEARCH_PATHS = "$(inherited) @executable_path/Frameworks @loader_path/Frameworks";
				PRODUCT_BUNDLE_IDENTIFIER = orlandoamorim.EventsUITests;
				PRODUCT_NAME = "$(TARGET_NAME)";
				SWIFT_VERSION = 3.0;
				TEST_TARGET_NAME = Events;
			};
			name = Release;
		};
/* End XCBuildConfiguration section */

/* Begin XCConfigurationList section */
		18A230641F4C72780025DA84 /* Build configuration list for PBXProject "Events" */ = {
			isa = XCConfigurationList;
			buildConfigurations = (
				18A230911F4C72780025DA84 /* Debug */,
				18A230921F4C72780025DA84 /* Release */,
			);
			defaultConfigurationIsVisible = 0;
			defaultConfigurationName = Release;
		};
		18A230931F4C72780025DA84 /* Build configuration list for PBXNativeTarget "Events" */ = {
			isa = XCConfigurationList;
			buildConfigurations = (
				18A230941F4C72780025DA84 /* Debug */,
				18A230951F4C72780025DA84 /* Release */,
			);
			defaultConfigurationIsVisible = 0;
			defaultConfigurationName = Release;
		};
		18A230961F4C72780025DA84 /* Build configuration list for PBXNativeTarget "EventsTests" */ = {
			isa = XCConfigurationList;
			buildConfigurations = (
				18A230971F4C72780025DA84 /* Debug */,
				18A230981F4C72780025DA84 /* Release */,
			);
			defaultConfigurationIsVisible = 0;
			defaultConfigurationName = Release;
		};
		18A230991F4C72780025DA84 /* Build configuration list for PBXNativeTarget "EventsUITests" */ = {
			isa = XCConfigurationList;
			buildConfigurations = (
				18A2309A1F4C72780025DA84 /* Debug */,
				18A2309B1F4C72780025DA84 /* Release */,
			);
			defaultConfigurationIsVisible = 0;
			defaultConfigurationName = Release;
		};
/* End XCConfigurationList section */
	};
	rootObject = 18A230611F4C72780025DA84 /* Project object */;
}
